// !$*UTF8*$!
{
	archiveVersion = 1;
	classes = {
	};
	objectVersion = 46;
	objects = {

/* Begin PBXBuildFile section */
		4620C6A11EB13F7D00970165 /* AppDelegate.swift in Sources */ = {isa = PBXBuildFile; fileRef = 4620C6A01EB13F7D00970165 /* AppDelegate.swift */; };
		4620C6A31EB13F7D00970165 /* ViewController.swift in Sources */ = {isa = PBXBuildFile; fileRef = 4620C6A21EB13F7D00970165 /* ViewController.swift */; };
		4620C6A61EB13F7D00970165 /* Main.storyboard in Resources */ = {isa = PBXBuildFile; fileRef = 4620C6A41EB13F7D00970165 /* Main.storyboard */; };
		4620C6A81EB13F7D00970165 /* Assets.xcassets in Resources */ = {isa = PBXBuildFile; fileRef = 4620C6A71EB13F7D00970165 /* Assets.xcassets */; };
		4620C6AB1EB13F7D00970165 /* LaunchScreen.storyboard in Resources */ = {isa = PBXBuildFile; fileRef = 4620C6A91EB13F7D00970165 /* LaunchScreen.storyboard */; };
		4620C6B31EB14A0900970165 /* game.swift in Sources */ = {isa = PBXBuildFile; fileRef = 4620C6B21EB14A0900970165 /* game.swift */; };
		464E50501EB171B700786DDD /* buttonCustom.swift in Sources */ = {isa = PBXBuildFile; fileRef = 464E504F1EB171B700786DDD /* buttonCustom.swift */; };
		468C1E601EB14C9B00C54AF5 /* player.swift in Sources */ = {isa = PBXBuildFile; fileRef = 468C1E5F1EB14C9B00C54AF5 /* player.swift */; };
/* End PBXBuildFile section */

/* Begin PBXFileReference section */
		4620C69D1EB13F7D00970165 /* 07_stackView.app */ = {isa = PBXFileReference; explicitFileType = wrapper.application; includeInIndex = 0; path = 07_stackView.app; sourceTree = BUILT_PRODUCTS_DIR; };
		4620C6A01EB13F7D00970165 /* AppDelegate.swift */ = {isa = PBXFileReference; lastKnownFileType = sourcecode.swift; path = AppDelegate.swift; sourceTree = "<group>"; };
		4620C6A21EB13F7D00970165 /* ViewController.swift */ = {isa = PBXFileReference; lastKnownFileType = sourcecode.swift; path = ViewController.swift; sourceTree = "<group>"; };
		4620C6A51EB13F7D00970165 /* Base */ = {isa = PBXFileReference; lastKnownFileType = file.storyboard; name = Base; path = Base.lproj/Main.storyboard; sourceTree = "<group>"; };
		4620C6A71EB13F7D00970165 /* Assets.xcassets */ = {isa = PBXFileReference; lastKnownFileType = folder.assetcatalog; path = Assets.xcassets; sourceTree = "<group>"; };
		4620C6AA1EB13F7D00970165 /* Base */ = {isa = PBXFileReference; lastKnownFileType = file.storyboard; name = Base; path = Base.lproj/LaunchScreen.storyboard; sourceTree = "<group>"; };
		4620C6AC1EB13F7D00970165 /* Info.plist */ = {isa = PBXFileReference; lastKnownFileType = text.plist.xml; path = Info.plist; sourceTree = "<group>"; };
		4620C6B21EB14A0900970165 /* game.swift */ = {isa = PBXFileReference; fileEncoding = 4; lastKnownFileType = sourcecode.swift; path = game.swift; sourceTree = "<group>"; };
		464E504F1EB171B700786DDD /* buttonCustom.swift */ = {isa = PBXFileReference; fileEncoding = 4; lastKnownFileType = sourcecode.swift; path = buttonCustom.swift; sourceTree = "<group>"; };
		468C1E5F1EB14C9B00C54AF5 /* player.swift */ = {isa = PBXFileReference; fileEncoding = 4; lastKnownFileType = sourcecode.swift; path = player.swift; sourceTree = "<group>"; };
/* End PBXFileReference section */

/* Begin PBXFrameworksBuildPhase section */
		4620C69A1EB13F7D00970165 /* Frameworks */ = {
			isa = PBXFrameworksBuildPhase;
			buildActionMask = 2147483647;
			files = (
			);
			runOnlyForDeploymentPostprocessing = 0;
		};
/* End PBXFrameworksBuildPhase section */

/* Begin PBXGroup section */
		4620C6941EB13F7D00970165 = {
			isa = PBXGroup;
			children = (
				4620C69F1EB13F7D00970165 /* 07_stackView */,
				4620C69E1EB13F7D00970165 /* Products */,
			);
			sourceTree = "<group>";
		};
		4620C69E1EB13F7D00970165 /* Products */ = {
			isa = PBXGroup;
			children = (
				4620C69D1EB13F7D00970165 /* 07_stackView.app */,
			);
			name = Products;
			sourceTree = "<group>";
		};
		4620C69F1EB13F7D00970165 /* 07_stackView */ = {
			isa = PBXGroup;
			children = (
				4620C6A01EB13F7D00970165 /* AppDelegate.swift */,
				4620C6A21EB13F7D00970165 /* ViewController.swift */,
				4620C6A41EB13F7D00970165 /* Main.storyboard */,
				4620C6A71EB13F7D00970165 /* Assets.xcassets */,
				4620C6A91EB13F7D00970165 /* LaunchScreen.storyboard */,
				4620C6AC1EB13F7D00970165 /* Info.plist */,
				4620C6B21EB14A0900970165 /* game.swift */,
				468C1E5F1EB14C9B00C54AF5 /* player.swift */,
				464E504F1EB171B700786DDD /* buttonCustom.swift */,
			);
			path = 07_stackView;
			sourceTree = "<group>";
		};
/* End PBXGroup section */

/* Begin PBXNativeTarget section */
		4620C69C1EB13F7D00970165 /* 07_stackView */ = {
			isa = PBXNativeTarget;
			buildConfigurationList = 4620C6AF1EB13F7D00970165 /* Build configuration list for PBXNativeTarget "07_stackView" */;
			buildPhases = (
				4620C6991EB13F7D00970165 /* Sources */,
				4620C69A1EB13F7D00970165 /* Frameworks */,
				4620C69B1EB13F7D00970165 /* Resources */,
			);
			buildRules = (
			);
			dependencies = (
			);
			name = 07_stackView;
			productName = 07_stackView;
			productReference = 4620C69D1EB13F7D00970165 /* 07_stackView.app */;
			productType = "com.apple.product-type.application";
		};
/* End PBXNativeTarget section */

/* Begin PBXProject section */
		4620C6951EB13F7D00970165 /* Project object */ = {
			isa = PBXProject;
			attributes = {
				LastSwiftUpdateCheck = 0730;
				LastUpgradeCheck = 0730;
				ORGANIZATIONNAME = User;
				TargetAttributes = {
					4620C69C1EB13F7D00970165 = {
						CreatedOnToolsVersion = 7.3.1;
						DevelopmentTeam = 6AFB659V5C;
					};
				};
			};
			buildConfigurationList = 4620C6981EB13F7D00970165 /* Build configuration list for PBXProject "07_stackView" */;
			compatibilityVersion = "Xcode 3.2";
			developmentRegion = English;
			hasScannedForEncodings = 0;
			knownRegions = (
				en,
				Base,
			);
			mainGroup = 4620C6941EB13F7D00970165;
			productRefGroup = 4620C69E1EB13F7D00970165 /* Products */;
			projectDirPath = "";
			projectRoot = "";
			targets = (
				4620C69C1EB13F7D00970165 /* 07_stackView */,
			);
		};
/* End PBXProject section */

/* Begin PBXResourcesBuildPhase section */
		4620C69B1EB13F7D00970165 /* Resources */ = {
			isa = PBXResourcesBuildPhase;
			buildActionMask = 2147483647;
			files = (
				4620C6AB1EB13F7D00970165 /* LaunchScreen.storyboard in Resources */,
				4620C6A81EB13F7D00970165 /* Assets.xcassets in Resources */,
				4620C6A61EB13F7D00970165 /* Main.storyboard in Resources */,
			);
			runOnlyForDeploymentPostprocessing = 0;
		};
/* End PBXResourcesBuildPhase section */

/* Begin PBXSourcesBuildPhase section */
		4620C6991EB13F7D00970165 /* Sources */ = {
			isa = PBXSourcesBuildPhase;
			buildActionMask = 2147483647;
			files = (
				468C1E601EB14C9B00C54AF5 /* player.swift in Sources */,
				4620C6B31EB14A0900970165 /* game.swift in Sources */,
				4620C6A31EB13F7D00970165 /* ViewController.swift in Sources */,
				4620C6A11EB13F7D00970165 /* AppDelegate.swift in Sources */,
				464E50501EB171B700786DDD /* buttonCustom.swift in Sources */,
			);
			runOnlyForDeploymentPostprocessing = 0;
		};
/* End PBXSourcesBuildPhase section */

/* Begin PBXVariantGroup section */
		4620C6A41EB13F7D00970165 /* Main.storyboard */ = {
			isa = PBXVariantGroup;
			children = (
				4620C6A51EB13F7D00970165 /* Base */,
			);
			name = Main.storyboard;
			sourceTree = "<group>";
		};
		4620C6A91EB13F7D00970165 /* LaunchScreen.storyboard */ = {
			isa = PBXVariantGroup;
			children = (
				4620C6AA1EB13F7D00970165 /* Base */,
			);
			name = LaunchScreen.storyboard;
			sourceTree = "<group>";
		};
/* End PBXVariantGroup section */

/* Begin XCBuildConfiguration section */
		4620C6AD1EB13F7D00970165 /* Debug */ = {
			isa = XCBuildConfiguration;
			buildSettings = {
				ALWAYS_SEARCH_USER_PATHS = NO;
				CLANG_ANALYZER_NONNULL = YES;
				CLANG_CXX_LANGUAGE_STANDARD = "gnu++0x";
				CLANG_CXX_LIBRARY = "libc++";
				CLANG_ENABLE_MODULES = YES;
				CLANG_ENABLE_OBJC_ARC = YES;
				CLANG_WARN_BOOL_CONVERSION = YES;
				CLANG_WARN_CONSTANT_CONVERSION = YES;
				CLANG_WARN_DIRECT_OBJC_ISA_USAGE = YES_ERROR;
				CLANG_WARN_EMPTY_BODY = YES;
				CLANG_WARN_ENUM_CONVERSION = YES;
				CLANG_WARN_INT_CONVERSION = YES;
				CLANG_WARN_OBJC_ROOT_CLASS = YES_ERROR;
				CLANG_WARN_UNREACHABLE_CODE = YES;
				CLANG_WARN__DUPLICATE_METHOD_MATCH = YES;
				"CODE_SIGN_IDENTITY[sdk=iphoneos*]" = "iPhone Developer";
				COPY_PHASE_STRIP = NO;
				DEBUG_INFORMATION_FORMAT = dwarf;
				ENABLE_STRICT_OBJC_MSGSEND = YES;
				ENABLE_TESTABILITY = YES;
				GCC_C_LANGUAGE_STANDARD = gnu99;
				GCC_DYNAMIC_NO_PIC = NO;
				GCC_NO_COMMON_BLOCKS = YES;
				GCC_OPTIMIZATION_LEVEL = 0;
				GCC_PREPROCESSOR_DEFINITIONS = (
					"DEBUG=1",
					"$(inherited)",
				);
				GCC_WARN_64_TO_32_BIT_CONVERSION = YES;
				GCC_WARN_ABOUT_RETURN_TYPE = YES_ERROR;
				GCC_WARN_UNDECLARED_SELECTOR = YES;
				GCC_WARN_UNINITIALIZED_AUTOS = YES_AGGRESSIVE;
				GCC_WARN_UNUSED_FUNCTION = YES;
				GCC_WARN_UNUSED_VARIABLE = YES;
				IPHONEOS_DEPLOYMENT_TARGET = 9.3;
				MTL_ENABLE_DEBUG_INFO = YES;
				ONLY_ACTIVE_ARCH = YES;
				SDKROOT = iphoneos;
				SWIFT_OPTIMIZATION_LEVEL = "-Onone";
			};
			name = Debug;
		};
		4620C6AE1EB13F7D00970165 /* Release */ = {
			isa = XCBuildConfiguration;
			buildSettings = {
				ALWAYS_SEARCH_USER_PATHS = NO;
				CLANG_ANALYZER_NONNULL = YES;
				CLANG_CXX_LANGUAGE_STANDARD = "gnu++0x";
				CLANG_CXX_LIBRARY = "libc++";
				CLANG_ENABLE_MODULES = YES;
				CLANG_ENABLE_OBJC_ARC = YES;
				CLANG_WARN_BOOL_CONVERSION = YES;
				CLANG_WARN_CONSTANT_CONVERSION = YES;
				CLANG_WARN_DIRECT_OBJC_ISA_USAGE = YES_ERROR;
				CLANG_WARN_EMPTY_BODY = YES;
				CLANG_WARN_ENUM_CONVERSION = YES;
				CLANG_WARN_INT_CONVERSION = YES;
				CLANG_WARN_OBJC_ROOT_CLASS = YES_ERROR;
				CLANG_WARN_UNREACHABLE_CODE = YES;
				CLANG_WARN__DUPLICATE_METHOD_MATCH = YES;
				"CODE_SIGN_IDENTITY[sdk=iphoneos*]" = "iPhone Developer";
				COPY_PHASE_STRIP = NO;
				DEBUG_INFORMATION_FORMAT = "dwarf-with-dsym";
				ENABLE_NS_ASSERTIONS = NO;
				ENABLE_STRICT_OBJC_MSGSEND = YES;
				GCC_C_LANGUAGE_STANDARD = gnu99;
				GCC_NO_COMMON_BLOCKS = YES;
				GCC_WARN_64_TO_32_BIT_CONVERSION = YES;
				GCC_WARN_ABOUT_RETURN_TYPE = YES_ERROR;
				GCC_WARN_UNDECLARED_SELECTOR = YES;
				GCC_WARN_UNINITIALIZED_AUTOS = YES_AGGRESSIVE;
				GCC_WARN_UNUSED_FUNCTION = YES;
				GCC_WARN_UNUSED_VARIABLE = YES;
				IPHONEOS_DEPLOYMENT_TARGET = 9.3;
				MTL_ENABLE_DEBUG_INFO = NO;
				SDKROOT = iphoneos;
				VALIDATE_PRODUCT = YES;
			};
			name = Release;
		};
		4620C6B01EB13F7D00970165 /* Debug */ = {
			isa = XCBuildConfiguration;
			buildSettings = {
				ASSETCATALOG_COMPILER_APPICON_NAME = AppIcon;
				CODE_SIGN_IDENTITY = "iPhone Developer";
				"CODE_SIGN_IDENTITY[sdk=iphoneos*]" = "iPhone Developer";
				INFOPLIST_FILE = 07_stackView/Info.plist;
				LD_RUNPATH_SEARCH_PATHS = "$(inherited) @executable_path/Frameworks";
				PRODUCT_BUNDLE_IDENTIFIER = "com.wordpress.nodefs.-7-stackView";
				PRODUCT_NAME = "$(TARGET_NAME)";
				PROVISIONING_PROFILE = "";
			};
			name = Debug;
		};
		4620C6B11EB13F7D00970165 /* Release */ = {
			isa = XCBuildConfiguration;
			buildSettings = {
				ASSETCATALOG_COMPILER_APPICON_NAME = AppIcon;
				CODE_SIGN_IDENTITY = "iPhone Developer";
				"CODE_SIGN_IDENTITY[sdk=iphoneos*]" = "iPhone Developer";
				INFOPLIST_FILE = 07_stackView/Info.plist;
				LD_RUNPATH_SEARCH_PATHS = "$(inherited) @executable_path/Frameworks";
				PRODUCT_BUNDLE_IDENTIFIER = "com.wordpress.nodefs.-7-stackView";
				PRODUCT_NAME = "$(TARGET_NAME)";
				PROVISIONING_PROFILE = "";
			};
			name = Release;
		};
/* End XCBuildConfiguration section */

/* Begin XCConfigurationList section */
		4620C6981EB13F7D00970165 /* Build configuration list for PBXProject "07_stackView" */ = {
			isa = XCConfigurationList;
			buildConfigurations = (
				4620C6AD1EB13F7D00970165 /* Debug */,
				4620C6AE1EB13F7D00970165 /* Release */,
			);
			defaultConfigurationIsVisible = 0;
			defaultConfigurationName = Release;
		};
		4620C6AF1EB13F7D00970165 /* Build configuration list for PBXNativeTarget "07_stackView" */ = {
			isa = XCConfigurationList;
			buildConfigurations = (
				4620C6B01EB13F7D00970165 /* Debug */,
				4620C6B11EB13F7D00970165 /* Release */,
			);
			defaultConfigurationIsVisible = 0;
			defaultConfigurationName = Release;
		};
/* End XCConfigurationList section */
	};
	rootObject = 4620C6951EB13F7D00970165 /* Project object */;
}
